<Solution>
  <Project Path="src/Skopka.Abstraction.OperationResult/Skopka.Abstraction.OperationResult.csproj" />
  <Project Path="src/Skopka.Abstraction.Serialization/Skopka.Abstraction.Serialization.csproj" />
  <Project Path="src/Skopka.Abstraction/Skopka.Abstraction.csproj" />
  <Project Path="test/Skopka.Abstraction.OperationResult.Test/Skopka.Abstraction.OperationResult.Test.csproj" />
  <Project Path="test/Skopka.Abstraction.Serialization.Tests/Skopka.Abstraction.Serialization.Tests.csproj" />
</Solution>
